
Microsoft Visual Studio Solution File, Format Version 12.00
# Visual Studio Version 17
VisualStudioVersion = 17.8.34309.116
MinimumVisualStudioVersion = 10.0.40219.1
Project("{FAE04EC0-301F-11D3-BF4B-00C04F79EFBC}") = "Graph basics concepts", "Graph basics concepts\Graph basics concepts.csproj", "{31A0E1C8-4C6C-4182-BD91-0F826020B026}"
EndProject
Global
	GlobalSection(SolutionConfigurationPlatforms) = preSolution
		Debug|Any CPU = Debug|Any CPU
		Release|Any CPU = Release|Any CPU
	EndGlobalSection
	GlobalSection(ProjectConfigurationPlatforms) = postSolution
		{31A0E1C8-4C6C-4182-BD91-0F826020B026}.Debug|Any CPU.ActiveCfg = Debug|Any CPU
		{31A0E1C8-4C6C-4182-BD91-0F826020B026}.Debug|Any CPU.Build.0 = Debug|Any CPU
		{31A0E1C8-4C6C-4182-BD91-0F826020B026}.Release|Any CPU.ActiveCfg = Release|Any CPU
		{31A0E1C8-4C6C-4182-BD91-0F826020B026}.Release|Any CPU.Build.0 = Release|Any CPU
	EndGlobalSection
	GlobalSection(SolutionProperties) = preSolution
		HideSolutionNode = FALSE
	EndGlobalSection
	GlobalSection(ExtensibilityGlobals) = postSolution
		SolutionGuid = {E7B31017-8336-4AF2-9E1E-08A43DF6164C}
	EndGlobalSection
EndGlobal
