
Microsoft Visual Studio Solution File, Format Version 12.00
# Visual Studio Version 17
VisualStudioVersion = 17.8.34309.116
MinimumVisualStudioVersion = 10.0.40219.1
Project("{FAE04EC0-301F-11D3-BF4B-00C04F79EFBC}") = "BinaryMatrix", "BinaryMatrix\BinaryMatrix.csproj", "{912EA3B6-1614-4B3B-BA48-46702A4CE0CB}"
EndProject
Global
	GlobalSection(SolutionConfigurationPlatforms) = preSolution
		Debug|Any CPU = Debug|Any CPU
		Release|Any CPU = Release|Any CPU
	EndGlobalSection
	GlobalSection(ProjectConfigurationPlatforms) = postSolution
		{912EA3B6-1614-4B3B-BA48-46702A4CE0CB}.Debug|Any CPU.ActiveCfg = Debug|Any CPU
		{912EA3B6-1614-4B3B-BA48-46702A4CE0CB}.Debug|Any CPU.Build.0 = Debug|Any CPU
		{912EA3B6-1614-4B3B-BA48-46702A4CE0CB}.Release|Any CPU.ActiveCfg = Release|Any CPU
		{912EA3B6-1614-4B3B-BA48-46702A4CE0CB}.Release|Any CPU.Build.0 = Release|Any CPU
	EndGlobalSection
	GlobalSection(SolutionProperties) = preSolution
		HideSolutionNode = FALSE
	EndGlobalSection
	GlobalSection(ExtensibilityGlobals) = postSolution
		SolutionGuid = {512989AB-0B12-4644-AFD0-BC87271D15E6}
	EndGlobalSection
EndGlobal
